
Microsoft Visual Studio Solution File, Format Version 12.00
# Visual Studio Version 16
VisualStudioVersion = 16.0.30611.23
MinimumVisualStudioVersion = 10.0.40219.1
Project("{FAE04EC0-301F-11D3-BF4B-00C04F79EFBC}") = "DavidProduct", "DavidProduct\DavidProduct.csproj", "{86FD813D-0DD9-43FC-BF13-A218AAB676FE}"
EndProject
Global
	GlobalSection(SolutionConfigurationPlatforms) = preSolution
		Debug|Any CPU = Debug|Any CPU
		Release|Any CPU = Release|Any CPU
	EndGlobalSection
	GlobalSection(ProjectConfigurationPlatforms) = postSolution
		{86FD813D-0DD9-43FC-BF13-A218AAB676FE}.Debug|Any CPU.ActiveCfg = Debug|Any CPU
		{86FD813D-0DD9-43FC-BF13-A218AAB676FE}.Debug|Any CPU.Build.0 = Debug|Any CPU
		{86FD813D-0DD9-43FC-BF13-A218AAB676FE}.Release|Any CPU.ActiveCfg = Release|Any CPU
		{86FD813D-0DD9-43FC-BF13-A218AAB676FE}.Release|Any CPU.Build.0 = Release|Any CPU
	EndGlobalSection
	GlobalSection(SolutionProperties) = preSolution
		HideSolutionNode = FALSE
	EndGlobalSection
	GlobalSection(ExtensibilityGlobals) = postSolution
		SolutionGuid = {98A67A42-6636-4090-B6FD-9796BA424722}
	EndGlobalSection
EndGlobal
